
Microsoft Visual Studio Solution File, Format Version 12.00
# Visual Studio Version 17
VisualStudioVersion = 17.5.33414.496
MinimumVisualStudioVersion = 10.0.40219.1
Project("{8BC9CEB8-8B4A-11D0-8D11-00A0C91BC942}") = "ParadigmaOOP2_126", "ParadigmaOOP2_126\ParadigmaOOP2_126.vcxproj", "{F47A9B93-B474-4290-A0CF-63BEC01CBDA2}"
EndProject
Project("{8BC9CEB8-8B4A-11D0-8D11-00A0C91BC942}") = "solveMultiWaris", "solveMultiWaris\solveMultiWaris.vcxproj", "{B1CEBAB9-1EEF-4E73-BEFF-866014E1C652}"
EndProject
Global
	GlobalSection(SolutionConfigurationPlatforms) = preSolution
		Debug|x64 = Debug|x64
		Debug|x86 = Debug|x86
		Release|x64 = Release|x64
		Release|x86 = Release|x86
	EndGlobalSection
	GlobalSection(ProjectConfigurationPlatforms) = postSolution
		{F47A9B93-B474-4290-A0CF-63BEC01CBDA2}.Debug|x64.ActiveCfg = Debug|x64
		{F47A9B93-B474-4290-A0CF-63BEC01CBDA2}.Debug|x64.Build.0 = Debug|x64
		{F47A9B93-B474-4290-A0CF-63BEC01CBDA2}.Debug|x86.ActiveCfg = Debug|Win32
		{F47A9B93-B474-4290-A0CF-63BEC01CBDA2}.Debug|x86.Build.0 = Debug|Win32
		{F47A9B93-B474-4290-A0CF-63BEC01CBDA2}.Release|x64.ActiveCfg = Release|x64
		{F47A9B93-B474-4290-A0CF-63BEC01CBDA2}.Release|x64.Build.0 = Release|x64
		{F47A9B93-B474-4290-A0CF-63BEC01CBDA2}.Release|x86.ActiveCfg = Release|Win32
		{F47A9B93-B474-4290-A0CF-63BEC01CBDA2}.Release|x86.Build.0 = Release|Win32
		{B1CEBAB9-1EEF-4E73-BEFF-866014E1C652}.Debug|x64.ActiveCfg = Debug|x64
		{B1CEBAB9-1EEF-4E73-BEFF-866014E1C652}.Debug|x64.Build.0 = Debug|x64
		{B1CEBAB9-1EEF-4E73-BEFF-866014E1C652}.Debug|x86.ActiveCfg = Debug|Win32
		{B1CEBAB9-1EEF-4E73-BEFF-866014E1C652}.Debug|x86.Build.0 = Debug|Win32
		{B1CEBAB9-1EEF-4E73-BEFF-866014E1C652}.Release|x64.ActiveCfg = Release|x64
		{B1CEBAB9-1EEF-4E73-BEFF-866014E1C652}.Release|x64.Build.0 = Release|x64
		{B1CEBAB9-1EEF-4E73-BEFF-866014E1C652}.Release|x86.ActiveCfg = Release|Win32
		{B1CEBAB9-1EEF-4E73-BEFF-866014E1C652}.Release|x86.Build.0 = Release|Win32
	EndGlobalSection
	GlobalSection(SolutionProperties) = preSolution
		HideSolutionNode = FALSE
	EndGlobalSection
	GlobalSection(ExtensibilityGlobals) = postSolution
		SolutionGuid = {22C617B1-8651-4655-B36A-4D8EAF55D0C0}
	EndGlobalSection
EndGlobal
